
Microsoft Visual Studio Solution File, Format Version 12.00
# Visual Studio 15
VisualStudioVersion = 15.0.26124.0
MinimumVisualStudioVersion = 15.0.26124.0
Project("{FAE04EC0-301F-11D3-BF4B-00C04F79EFBC}") = "TRUCKCONSOLE", "TRUCKCONSOLE\TRUCKCONSOLE.csproj", "{8962BE4D-C8AA-4EE7-B49C-2BF87DD9280F}"
EndProject
Project("{FAE04EC0-301F-11D3-BF4B-00C04F79EFBC}") = "TRUCKMODEL", "TRUCKMODEL\TRUCKMODEL.csproj", "{76C1A07F-C570-4A07-BC93-71E0B8F2F207}"
EndProject
Project("{FAE04EC0-301F-11D3-BF4B-00C04F79EFBC}") = "UtilityBE", "UtilityBE\UtilityBE.csproj", "{8A53C563-B13F-4E3E-9323-3A69CEFA0701}"
EndProject
Global
	GlobalSection(SolutionConfigurationPlatforms) = preSolution
		Debug|Any CPU = Debug|Any CPU
		Debug|x64 = Debug|x64
		Debug|x86 = Debug|x86
		Release|Any CPU = Release|Any CPU
		Release|x64 = Release|x64
		Release|x86 = Release|x86
	EndGlobalSection
	GlobalSection(SolutionProperties) = preSolution
		HideSolutionNode = FALSE
	EndGlobalSection
	GlobalSection(ProjectConfigurationPlatforms) = postSolution
		{8962BE4D-C8AA-4EE7-B49C-2BF87DD9280F}.Debug|Any CPU.ActiveCfg = Debug|Any CPU
		{8962BE4D-C8AA-4EE7-B49C-2BF87DD9280F}.Debug|Any CPU.Build.0 = Debug|Any CPU
		{8962BE4D-C8AA-4EE7-B49C-2BF87DD9280F}.Debug|x64.ActiveCfg = Debug|Any CPU
		{8962BE4D-C8AA-4EE7-B49C-2BF87DD9280F}.Debug|x64.Build.0 = Debug|Any CPU
		{8962BE4D-C8AA-4EE7-B49C-2BF87DD9280F}.Debug|x86.ActiveCfg = Debug|Any CPU
		{8962BE4D-C8AA-4EE7-B49C-2BF87DD9280F}.Debug|x86.Build.0 = Debug|Any CPU
		{8962BE4D-C8AA-4EE7-B49C-2BF87DD9280F}.Release|Any CPU.ActiveCfg = Release|Any CPU
		{8962BE4D-C8AA-4EE7-B49C-2BF87DD9280F}.Release|Any CPU.Build.0 = Release|Any CPU
		{8962BE4D-C8AA-4EE7-B49C-2BF87DD9280F}.Release|x64.ActiveCfg = Release|Any CPU
		{8962BE4D-C8AA-4EE7-B49C-2BF87DD9280F}.Release|x64.Build.0 = Release|Any CPU
		{8962BE4D-C8AA-4EE7-B49C-2BF87DD9280F}.Release|x86.ActiveCfg = Release|Any CPU
		{8962BE4D-C8AA-4EE7-B49C-2BF87DD9280F}.Release|x86.Build.0 = Release|Any CPU
		{76C1A07F-C570-4A07-BC93-71E0B8F2F207}.Debug|Any CPU.ActiveCfg = Debug|Any CPU
		{76C1A07F-C570-4A07-BC93-71E0B8F2F207}.Debug|Any CPU.Build.0 = Debug|Any CPU
		{76C1A07F-C570-4A07-BC93-71E0B8F2F207}.Debug|x64.ActiveCfg = Debug|Any CPU
		{76C1A07F-C570-4A07-BC93-71E0B8F2F207}.Debug|x64.Build.0 = Debug|Any CPU
		{76C1A07F-C570-4A07-BC93-71E0B8F2F207}.Debug|x86.ActiveCfg = Debug|Any CPU
		{76C1A07F-C570-4A07-BC93-71E0B8F2F207}.Debug|x86.Build.0 = Debug|Any CPU
		{76C1A07F-C570-4A07-BC93-71E0B8F2F207}.Release|Any CPU.ActiveCfg = Release|Any CPU
		{76C1A07F-C570-4A07-BC93-71E0B8F2F207}.Release|Any CPU.Build.0 = Release|Any CPU
		{76C1A07F-C570-4A07-BC93-71E0B8F2F207}.Release|x64.ActiveCfg = Release|Any CPU
		{76C1A07F-C570-4A07-BC93-71E0B8F2F207}.Release|x64.Build.0 = Release|Any CPU
		{76C1A07F-C570-4A07-BC93-71E0B8F2F207}.Release|x86.ActiveCfg = Release|Any CPU
		{76C1A07F-C570-4A07-BC93-71E0B8F2F207}.Release|x86.Build.0 = Release|Any CPU
		{8A53C563-B13F-4E3E-9323-3A69CEFA0701}.Debug|Any CPU.ActiveCfg = Debug|Any CPU
		{8A53C563-B13F-4E3E-9323-3A69CEFA0701}.Debug|Any CPU.Build.0 = Debug|Any CPU
		{8A53C563-B13F-4E3E-9323-3A69CEFA0701}.Debug|x64.ActiveCfg = Debug|Any CPU
		{8A53C563-B13F-4E3E-9323-3A69CEFA0701}.Debug|x64.Build.0 = Debug|Any CPU
		{8A53C563-B13F-4E3E-9323-3A69CEFA0701}.Debug|x86.ActiveCfg = Debug|Any CPU
		{8A53C563-B13F-4E3E-9323-3A69CEFA0701}.Debug|x86.Build.0 = Debug|Any CPU
		{8A53C563-B13F-4E3E-9323-3A69CEFA0701}.Release|Any CPU.ActiveCfg = Release|Any CPU
		{8A53C563-B13F-4E3E-9323-3A69CEFA0701}.Release|Any CPU.Build.0 = Release|Any CPU
		{8A53C563-B13F-4E3E-9323-3A69CEFA0701}.Release|x64.ActiveCfg = Release|Any CPU
		{8A53C563-B13F-4E3E-9323-3A69CEFA0701}.Release|x64.Build.0 = Release|Any CPU
		{8A53C563-B13F-4E3E-9323-3A69CEFA0701}.Release|x86.ActiveCfg = Release|Any CPU
		{8A53C563-B13F-4E3E-9323-3A69CEFA0701}.Release|x86.Build.0 = Release|Any CPU
	EndGlobalSection
EndGlobal
